# THIS IS AN AUTOGENERATED FILE. DO NOT EDIT THIS FILE DIRECTLY.
# yarn lockfile v1


"@types/mustache@^0.8.32":
  version "0.8.32"
  resolved "https://registry.npmjs.org/@types/mustache/-/mustache-0.8.32.tgz"
  integrity sha512-RTVWV485OOf4+nO2+feurk0chzHkSjkjALiejpHltyuMf/13fGymbbNNFrSKdSSUg1TIwzszXdWsVirxgqYiFA==

"@types/node@^13.1.7":
  version "13.13.52"
  resolved "https://registry.npmjs.org/@types/node/-/node-13.13.52.tgz"
  integrity sha512-s3nugnZumCC//n4moGGe6tkNMyYEdaDBitVjwPxXmR5lnMG5dHePinH2EdxkG3Rh1ghFHHixAG4NJhpJW1rthQ==

"@types/semver-sort@^0.0.5":
  version "0.0.5"
  resolved "https://registry.npmjs.org/@types/semver-sort/-/semver-sort-0.0.5.tgz"
  integrity sha512-cIQG7kjdzHcsRrYYkP8N65BogntqItjMjG8uSgPEl1ej4dKj9QC8snCFJb3HHF/Cwqe0s0IflJjUU5wb1yrLDQ==

arg@^4.1.0:
  version "4.1.3"

axios@^0.18.0:
  version "0.18.1"
  resolved "https://registry.npmjs.org/axios/-/axios-0.18.1.tgz"
  integrity sha512-0BfJq4NSfQXd+SkFdrvFbG7addhYSBA2mQwISr46pD6E5iqkWg02RAs8vyTT/j0RTnoYmeXauBuSv1qKwR179g==
  dependencies:
    follow-redirects "1.5.10"
    is-buffer "^2.0.2"

buffer-from@^1.0.0:
  version "1.1.2"

debug@=3.1.0:
  version "3.1.0"
  resolved "https://registry.npmjs.org/debug/-/debug-3.1.0.tgz"
  integrity sha512-OX8XqP7/1a9cqkxYw2yXss15f26NKWBpDXQd0/uK/KPqdQhxbPa994hnzjcE2VqQpDslf55723cKPUOGSmMY3g==
  dependencies:
    ms "2.0.0"

diff@^4.0.1:
  version "4.0.2"

follow-redirects@1.5.10:
  version "1.5.10"
  resolved "https://registry.npmjs.org/follow-redirects/-/follow-redirects-1.5.10.tgz"
  integrity sha512-0V5l4Cizzvqt5D44aTXbFZz+FtyXV1vrDN6qrelxtfYQKW0KO0W2T/hkE8xvGa/540LkZlkaUjO4ailYTFtHVQ==
  dependencies:
    debug "=3.1.0"

is-buffer@^2.0.2:
  version "2.0.5"
  resolved "https://registry.npmjs.org/is-buffer/-/is-buffer-2.0.5.tgz"
  integrity sha512-i2R6zNFDwgEHJyQUtJEk0XFi1i0dPFn/oqjK3/vPCcDeJvW5NQ83V8QbicfF1SupOaB0h8ntgBC2YiE7dfyctQ==

make-error@^1.1.1:
  version "1.3.6"

ms@2.0.0:
  version "2.0.0"
  resolved "https://registry.npmjs.org/ms/-/ms-2.0.0.tgz"
  integrity sha512-Tpp60P6IUJDTuOq/5Z8cdskzJujfwqfOTkrwIwj7IRISpnkJnT6SyJ4PCPnGMoFjC9ddhal5KVIYtAt97ix05A==

mustache@^3.0.1:
  version "3.2.1"
  resolved "https://registry.npmjs.org/mustache/-/mustache-3.2.1.tgz"
  integrity sha512-RERvMFdLpaFfSRIEe632yDm5nsd0SDKn8hGmcUwswnyiE5mtdZLDybtHAz6hjJhawokF0hXvGLtx9mrQfm6FkA==

semver-regex@^3.1.2:
  version "3.1.4"
  resolved "https://registry.npmjs.org/semver-regex/-/semver-regex-3.1.4.tgz"
  integrity sha512-6IiqeZNgq01qGf0TId0t3NvKzSvUsjcpdEO3AQNeIjR6A2+ckTnQlDpl4qu1bjRv0RzN3FP9hzFmws3lKqRWkA==

semver-sort@^1.0.0:
  version "1.0.0"
  resolved "https://registry.npmjs.org/semver-sort/-/semver-sort-1.0.0.tgz"
  integrity sha512-JicVlQKz/C//4BiPmbHEDou6HihXxo5xqB/8Hm9FaLJ6HHkRRvYgCECq4u/z0XF8kyJQ/KAZt++A/kYz/oOSSg==
  dependencies:
    semver "^5.0.3"
    semver-regex "^3.1.2"

semver@^5.0.3:
  version "5.7.2"
  resolved "https://registry.npmjs.org/semver/-/semver-5.7.2.tgz"
  integrity sha512-cBznnQ9KjJqU67B52RMC65CMarK2600WFnbkcaiwWq3xy/5haFJlshgnpjovMVJ+Hff49d8GEn0b87C5pDQ10g==

source-map-support@^0.5.17:
  version "0.5.21"
  dependencies:
    buffer-from "^1.0.0"
    source-map "^0.6.0"

source-map@^0.6.0:
  version "0.6.1"
  resolved "https://registry.npmjs.org/source-map/-/source-map-0.6.1.tgz"
  integrity sha512-UjgapumWlbMhkBgzT7Ykc5YXUT46F0iKu8SGXq0bcwP5dz/h0Plj6enJqjz1Zbq2l5WaqYnrVbwWOWMyF3F47g==

ts-node@^8.0.3:
  version "8.10.2"
  resolved "https://registry.npmjs.org/ts-node/-/ts-node-8.10.2.tgz"
  integrity sha512-ISJJGgkIpDdBhWVu3jufsWpK3Rzo7bdiIXJjQc0ynKxVOVcg2oIrf2H2cejminGrptVc6q6/uynAHNCuWGbpVA==
  dependencies:
    arg "^4.1.0"
    diff "^4.0.1"
    make-error "^1.1.1"
    source-map-support "^0.5.17"
    yn "3.1.1"

typescript@^3.4.2, typescript@>=2.7:
  version "3.9.10"
  resolved "https://registry.npmjs.org/typescript/-/typescript-3.9.10.tgz"
  integrity sha512-w6fIxVE/H1PkLKcCPsFqKE7Kv7QUwhU8qQY2MueZXWx5cPZdwFupLgKK3vntcK98BtNHZtAF4LA/yl2a7k8R6Q==

yn@3.1.1:
  version "3.1.1"
